
Microsoft Visual Studio Solution File, Format Version 12.00
# Visual Studio Version 16
VisualStudioVersion = 16.0.32802.440
MinimumVisualStudioVersion = 10.0.40219.1
Project("{FAE04EC0-301F-11D3-BF4B-00C04F79EFBC}") = "1024_4.4CS", "1024_4.4CS\1024_4.4CS.csproj", "{E274D044-E25C-475C-A836-3F724F9352FA}"
EndProject
Global
	GlobalSection(SolutionConfigurationPlatforms) = preSolution
		Debug|Any CPU = Debug|Any CPU
		Release|Any CPU = Release|Any CPU
	EndGlobalSection
	GlobalSection(ProjectConfigurationPlatforms) = postSolution
		{E274D044-E25C-475C-A836-3F724F9352FA}.Debug|Any CPU.ActiveCfg = Debug|Any CPU
		{E274D044-E25C-475C-A836-3F724F9352FA}.Debug|Any CPU.Build.0 = Debug|Any CPU
		{E274D044-E25C-475C-A836-3F724F9352FA}.Release|Any CPU.ActiveCfg = Release|Any CPU
		{E274D044-E25C-475C-A836-3F724F9352FA}.Release|Any CPU.Build.0 = Release|Any CPU
	EndGlobalSection
	GlobalSection(SolutionProperties) = preSolution
		HideSolutionNode = FALSE
	EndGlobalSection
	GlobalSection(ExtensibilityGlobals) = postSolution
		SolutionGuid = {75E7E268-E447-423E-8D80-DD0F58007E55}
	EndGlobalSection
EndGlobal
