
Microsoft Visual Studio Solution File, Format Version 12.00
# Visual Studio Version 16
VisualStudioVersion = 16.0.32802.440
MinimumVisualStudioVersion = 10.0.40219.1
Project("{FAE04EC0-301F-11D3-BF4B-00C04F79EFBC}") = "5.5_CS1110", "5.5_CS1110\5.5_CS1110.csproj", "{928DC5E9-3A27-4488-A95B-CAAF29BD3036}"
EndProject
Global
	GlobalSection(SolutionConfigurationPlatforms) = preSolution
		Debug|Any CPU = Debug|Any CPU
		Release|Any CPU = Release|Any CPU
	EndGlobalSection
	GlobalSection(ProjectConfigurationPlatforms) = postSolution
		{928DC5E9-3A27-4488-A95B-CAAF29BD3036}.Debug|Any CPU.ActiveCfg = Debug|Any CPU
		{928DC5E9-3A27-4488-A95B-CAAF29BD3036}.Debug|Any CPU.Build.0 = Debug|Any CPU
		{928DC5E9-3A27-4488-A95B-CAAF29BD3036}.Release|Any CPU.ActiveCfg = Release|Any CPU
		{928DC5E9-3A27-4488-A95B-CAAF29BD3036}.Release|Any CPU.Build.0 = Release|Any CPU
	EndGlobalSection
	GlobalSection(SolutionProperties) = preSolution
		HideSolutionNode = FALSE
	EndGlobalSection
	GlobalSection(ExtensibilityGlobals) = postSolution
		SolutionGuid = {23E54CE6-99D3-4931-B1F6-C5123F2126AC}
	EndGlobalSection
EndGlobal
