
Microsoft Visual Studio Solution File, Format Version 12.00
# Visual Studio Version 16
VisualStudioVersion = 16.0.32802.440
MinimumVisualStudioVersion = 10.0.40219.1
Project("{FAE04EC0-301F-11D3-BF4B-00C04F79EFBC}") = "1207_CS6.1", "1207_CS6.1\1207_CS6.1.csproj", "{3146E10D-747D-409A-9809-543A2D11269C}"
EndProject
Global
	GlobalSection(SolutionConfigurationPlatforms) = preSolution
		Debug|Any CPU = Debug|Any CPU
		Release|Any CPU = Release|Any CPU
	EndGlobalSection
	GlobalSection(ProjectConfigurationPlatforms) = postSolution
		{3146E10D-747D-409A-9809-543A2D11269C}.Debug|Any CPU.ActiveCfg = Debug|Any CPU
		{3146E10D-747D-409A-9809-543A2D11269C}.Debug|Any CPU.Build.0 = Debug|Any CPU
		{3146E10D-747D-409A-9809-543A2D11269C}.Release|Any CPU.ActiveCfg = Release|Any CPU
		{3146E10D-747D-409A-9809-543A2D11269C}.Release|Any CPU.Build.0 = Release|Any CPU
	EndGlobalSection
	GlobalSection(SolutionProperties) = preSolution
		HideSolutionNode = FALSE
	EndGlobalSection
	GlobalSection(ExtensibilityGlobals) = postSolution
		SolutionGuid = {87E31DAB-13A5-4B5D-8C31-C10D84F9AC8A}
	EndGlobalSection
EndGlobal
