
Microsoft Visual Studio Solution File, Format Version 12.00
# Visual Studio Version 16
VisualStudioVersion = 16.0.32802.440
MinimumVisualStudioVersion = 10.0.40219.1
Project("{FAE04EC0-301F-11D3-BF4B-00C04F79EFBC}") = "1108_CS5.4", "1108_CS5.4\1108_CS5.4.csproj", "{50BAA0BA-CAEE-4E1D-8179-D8EE4AF2963D}"
EndProject
Global
	GlobalSection(SolutionConfigurationPlatforms) = preSolution
		Debug|Any CPU = Debug|Any CPU
		Release|Any CPU = Release|Any CPU
	EndGlobalSection
	GlobalSection(ProjectConfigurationPlatforms) = postSolution
		{50BAA0BA-CAEE-4E1D-8179-D8EE4AF2963D}.Debug|Any CPU.ActiveCfg = Debug|Any CPU
		{50BAA0BA-CAEE-4E1D-8179-D8EE4AF2963D}.Debug|Any CPU.Build.0 = Debug|Any CPU
		{50BAA0BA-CAEE-4E1D-8179-D8EE4AF2963D}.Release|Any CPU.ActiveCfg = Release|Any CPU
		{50BAA0BA-CAEE-4E1D-8179-D8EE4AF2963D}.Release|Any CPU.Build.0 = Release|Any CPU
	EndGlobalSection
	GlobalSection(SolutionProperties) = preSolution
		HideSolutionNode = FALSE
	EndGlobalSection
	GlobalSection(ExtensibilityGlobals) = postSolution
		SolutionGuid = {0E055BFE-1792-40C5-9B69-9BC585E71837}
	EndGlobalSection
EndGlobal
